// !$*UTF8*$!
{
	archiveVersion = 1;
	classes = {
	};
	objectVersion = 46;
	objects = {

/* Begin PBXBuildFile section */
		2E26A5FAA4DD08830B40D54C /* libPods.a in Frameworks */ = {isa = PBXBuildFile; fileRef = E39E6EB05CAD63B7BA43803F /* libPods.a */; };
		7810BF26A6E7B215B02A2782 /* libPods-FlickerEaterTests.a in Frameworks */ = {isa = PBXBuildFile; fileRef = ABAC5A88108FB9A51C8E7A00 /* libPods-FlickerEaterTests.a */; };
		BF73AE531B1254B900F4A05D /* photoEntityMock.plist in Resources */ = {isa = PBXBuildFile; fileRef = BF73AE521B1254B900F4A05D /* photoEntityMock.plist */; };
		BFA3E8A21B0FBE8A00AFFA4D /* FlickerParserTest.m in Sources */ = {isa = PBXBuildFile; fileRef = BFA3E8A11B0FBE8A00AFFA4D /* FlickerParserTest.m */; };
		BFA3E8A41B0FBEA000AFFA4D /* MainListViewControllerTest.m in Sources */ = {isa = PBXBuildFile; fileRef = BFA3E8A31B0FBEA000AFFA4D /* MainListViewControllerTest.m */; };
		BFA3E8A61B0FBEB700AFFA4D /* ImageDetailViewControllerTest.m in Sources */ = {isa = PBXBuildFile; fileRef = BFA3E8A51B0FBEB700AFFA4D /* ImageDetailViewControllerTest.m */; };
		BFA3E8AB1B1233B800AFFA4D /* photos_public.xml in Resources */ = {isa = PBXBuildFile; fileRef = BFA3E8AA1B1233B800AFFA4D /* photos_public.xml */; };
		FA6D4909170F483700A27C94 /* UIKit.framework in Frameworks */ = {isa = PBXBuildFile; fileRef = FA6D4908170F483700A27C94 /* UIKit.framework */; };
		FA6D490B170F483700A27C94 /* Foundation.framework in Frameworks */ = {isa = PBXBuildFile; fileRef = FA6D490A170F483700A27C94 /* Foundation.framework */; };
		FA6D490D170F483700A27C94 /* CoreGraphics.framework in Frameworks */ = {isa = PBXBuildFile; fileRef = FA6D490C170F483700A27C94 /* CoreGraphics.framework */; };
		FA6D4913170F483700A27C94 /* InfoPlist.strings in Resources */ = {isa = PBXBuildFile; fileRef = FA6D4911170F483700A27C94 /* InfoPlist.strings */; };
		FA6D4915170F483700A27C94 /* main.m in Sources */ = {isa = PBXBuildFile; fileRef = FA6D4914170F483700A27C94 /* main.m */; };
		FA6D4919170F483700A27C94 /* AppDelegate.m in Sources */ = {isa = PBXBuildFile; fileRef = FA6D4918170F483700A27C94 /* AppDelegate.m */; };
		FA6D491B170F483700A27C94 /* Default.png in Resources */ = {isa = PBXBuildFile; fileRef = FA6D491A170F483700A27C94 /* Default.png */; };
		FA6D491D170F483700A27C94 /* Default@2x.png in Resources */ = {isa = PBXBuildFile; fileRef = FA6D491C170F483700A27C94 /* Default@2x.png */; };
		FA6D491F170F483700A27C94 /* Default-568h@2x.png in Resources */ = {isa = PBXBuildFile; fileRef = FA6D491E170F483700A27C94 /* Default-568h@2x.png */; };
		FA6D4922170F483700A27C94 /* MainListViewController.m in Sources */ = {isa = PBXBuildFile; fileRef = FA6D4921170F483700A27C94 /* MainListViewController.m */; };
		FA6D4925170F483700A27C94 /* MainListViewController_iPhone.xib in Resources */ = {isa = PBXBuildFile; fileRef = FA6D4923170F483700A27C94 /* MainListViewController_iPhone.xib */; };
		FA6D4948170F51BE00A27C94 /* XMLParserDelegate.m in Sources */ = {isa = PBXBuildFile; fileRef = FA6D4947170F51BE00A27C94 /* XMLParserDelegate.m */; };
		FA942A28170F66D100B45AA1 /* ImageDetailViewController.m in Sources */ = {isa = PBXBuildFile; fileRef = FA942A26170F66D100B45AA1 /* ImageDetailViewController.m */; };
		FA942A29170F66D100B45AA1 /* ImageDetailViewController.xib in Resources */ = {isa = PBXBuildFile; fileRef = FA942A27170F66D100B45AA1 /* ImageDetailViewController.xib */; };
		FA942A3117122A4B00B45AA1 /* NXDebug.m in Sources */ = {isa = PBXBuildFile; fileRef = FA942A2E171228DF00B45AA1 /* NXDebug.m */; };
		FAFDE987171B768E00E1D889 /* Photo.m in Sources */ = {isa = PBXBuildFile; fileRef = FAFDE986171B768E00E1D889 /* Photo.m */; };
/* End PBXBuildFile section */

/* Begin PBXContainerItemProxy section */
		BFA3E89A1B0F9F9500AFFA4D /* PBXContainerItemProxy */ = {
			isa = PBXContainerItemProxy;
			containerPortal = FA6D48FD170F483700A27C94 /* Project object */;
			proxyType = 1;
			remoteGlobalIDString = FA6D4904170F483700A27C94;
			remoteInfo = FlickerEater;
		};
/* End PBXContainerItemProxy section */

/* Begin PBXFileReference section */
		0F2C715D095A27581F731095 /* Pods-FlickerEaterTests.debug.xcconfig */ = {isa = PBXFileReference; includeInIndex = 1; lastKnownFileType = text.xcconfig; name = "Pods-FlickerEaterTests.debug.xcconfig"; path = "Pods/Target Support Files/Pods-FlickerEaterTests/Pods-FlickerEaterTests.debug.xcconfig"; sourceTree = "<group>"; };
		365DEB9C251BE5DE8DBF8F8D /* Pods.debug.xcconfig */ = {isa = PBXFileReference; includeInIndex = 1; lastKnownFileType = text.xcconfig; name = Pods.debug.xcconfig; path = "Pods/Target Support Files/Pods/Pods.debug.xcconfig"; sourceTree = "<group>"; };
		64F85365D352FDD980246EE5 /* Pods-FlickerEaterTests.release.xcconfig */ = {isa = PBXFileReference; includeInIndex = 1; lastKnownFileType = text.xcconfig; name = "Pods-FlickerEaterTests.release.xcconfig"; path = "Pods/Target Support Files/Pods-FlickerEaterTests/Pods-FlickerEaterTests.release.xcconfig"; sourceTree = "<group>"; };
		ABAC5A88108FB9A51C8E7A00 /* libPods-FlickerEaterTests.a */ = {isa = PBXFileReference; explicitFileType = archive.ar; includeInIndex = 0; path = "libPods-FlickerEaterTests.a"; sourceTree = BUILT_PRODUCTS_DIR; };
		BF73AE521B1254B900F4A05D /* photoEntityMock.plist */ = {isa = PBXFileReference; fileEncoding = 4; lastKnownFileType = text.plist.xml; name = photoEntityMock.plist; path = MockXML/photoEntityMock.plist; sourceTree = "<group>"; };
		BFA3E8941B0F9F9500AFFA4D /* FlickerEaterTests.xctest */ = {isa = PBXFileReference; explicitFileType = wrapper.cfbundle; includeInIndex = 0; path = FlickerEaterTests.xctest; sourceTree = BUILT_PRODUCTS_DIR; };
		BFA3E8971B0F9F9500AFFA4D /* Info.plist */ = {isa = PBXFileReference; lastKnownFileType = text.plist.xml; path = Info.plist; sourceTree = "<group>"; };
		BFA3E8A11B0FBE8A00AFFA4D /* FlickerParserTest.m */ = {isa = PBXFileReference; fileEncoding = 4; lastKnownFileType = sourcecode.c.objc; path = FlickerParserTest.m; sourceTree = "<group>"; };
		BFA3E8A31B0FBEA000AFFA4D /* MainListViewControllerTest.m */ = {isa = PBXFileReference; fileEncoding = 4; lastKnownFileType = sourcecode.c.objc; path = MainListViewControllerTest.m; sourceTree = "<group>"; };
		BFA3E8A51B0FBEB700AFFA4D /* ImageDetailViewControllerTest.m */ = {isa = PBXFileReference; fileEncoding = 4; lastKnownFileType = sourcecode.c.objc; path = ImageDetailViewControllerTest.m; sourceTree = "<group>"; };
		BFA3E8AA1B1233B800AFFA4D /* photos_public.xml */ = {isa = PBXFileReference; explicitFileType = text.xml; fileEncoding = 4; name = photos_public.xml; path = MockXML/photos_public.xml; sourceTree = "<group>"; };
		E39E6EB05CAD63B7BA43803F /* libPods.a */ = {isa = PBXFileReference; explicitFileType = archive.ar; includeInIndex = 0; path = libPods.a; sourceTree = BUILT_PRODUCTS_DIR; };
		F0F66BDA18BFC2F1923B7F85 /* Pods.release.xcconfig */ = {isa = PBXFileReference; includeInIndex = 1; lastKnownFileType = text.xcconfig; name = Pods.release.xcconfig; path = "Pods/Target Support Files/Pods/Pods.release.xcconfig"; sourceTree = "<group>"; };
		FA6D4905170F483700A27C94 /* FlickerEater.app */ = {isa = PBXFileReference; explicitFileType = wrapper.application; includeInIndex = 0; path = FlickerEater.app; sourceTree = BUILT_PRODUCTS_DIR; };
		FA6D4908170F483700A27C94 /* UIKit.framework */ = {isa = PBXFileReference; lastKnownFileType = wrapper.framework; name = UIKit.framework; path = System/Library/Frameworks/UIKit.framework; sourceTree = SDKROOT; };
		FA6D490A170F483700A27C94 /* Foundation.framework */ = {isa = PBXFileReference; lastKnownFileType = wrapper.framework; name = Foundation.framework; path = System/Library/Frameworks/Foundation.framework; sourceTree = SDKROOT; };
		FA6D490C170F483700A27C94 /* CoreGraphics.framework */ = {isa = PBXFileReference; lastKnownFileType = wrapper.framework; name = CoreGraphics.framework; path = System/Library/Frameworks/CoreGraphics.framework; sourceTree = SDKROOT; };
		FA6D4910170F483700A27C94 /* FlickerEater-Info.plist */ = {isa = PBXFileReference; lastKnownFileType = text.plist.xml; path = "FlickerEater-Info.plist"; sourceTree = "<group>"; };
		FA6D4912170F483700A27C94 /* en */ = {isa = PBXFileReference; lastKnownFileType = text.plist.strings; name = en; path = en.lproj/InfoPlist.strings; sourceTree = "<group>"; };
		FA6D4914170F483700A27C94 /* main.m */ = {isa = PBXFileReference; lastKnownFileType = sourcecode.c.objc; path = main.m; sourceTree = "<group>"; };
		FA6D4916170F483700A27C94 /* FlickerEater-Prefix.pch */ = {isa = PBXFileReference; lastKnownFileType = sourcecode.c.h; path = "FlickerEater-Prefix.pch"; sourceTree = "<group>"; };
		FA6D4917170F483700A27C94 /* AppDelegate.h */ = {isa = PBXFileReference; lastKnownFileType = sourcecode.c.h; path = AppDelegate.h; sourceTree = "<group>"; };
		FA6D4918170F483700A27C94 /* AppDelegate.m */ = {isa = PBXFileReference; lastKnownFileType = sourcecode.c.objc; path = AppDelegate.m; sourceTree = "<group>"; };
		FA6D491A170F483700A27C94 /* Default.png */ = {isa = PBXFileReference; lastKnownFileType = image.png; path = Default.png; sourceTree = "<group>"; };
		FA6D491C170F483700A27C94 /* Default@2x.png */ = {isa = PBXFileReference; lastKnownFileType = image.png; path = "Default@2x.png"; sourceTree = "<group>"; };
		FA6D491E170F483700A27C94 /* Default-568h@2x.png */ = {isa = PBXFileReference; lastKnownFileType = image.png; path = "Default-568h@2x.png"; sourceTree = "<group>"; };
		FA6D4920170F483700A27C94 /* MainListViewController.h */ = {isa = PBXFileReference; lastKnownFileType = sourcecode.c.h; path = MainListViewController.h; sourceTree = "<group>"; };
		FA6D4921170F483700A27C94 /* MainListViewController.m */ = {isa = PBXFileReference; lastKnownFileType = sourcecode.c.objc; path = MainListViewController.m; sourceTree = "<group>"; };
		FA6D4924170F483700A27C94 /* en */ = {isa = PBXFileReference; lastKnownFileType = file.xib; name = en; path = en.lproj/MainListViewController_iPhone.xib; sourceTree = "<group>"; };
		FA6D492F170F483700A27C94 /* SenTestingKit.framework */ = {isa = PBXFileReference; lastKnownFileType = wrapper.framework; name = SenTestingKit.framework; path = Library/Frameworks/SenTestingKit.framework; sourceTree = DEVELOPER_DIR; };
		FA6D4946170F51BE00A27C94 /* XMLParserDelegate.h */ = {isa = PBXFileReference; fileEncoding = 4; lastKnownFileType = sourcecode.c.h; path = XMLParserDelegate.h; sourceTree = "<group>"; };
		FA6D4947170F51BE00A27C94 /* XMLParserDelegate.m */ = {isa = PBXFileReference; fileEncoding = 4; lastKnownFileType = sourcecode.c.objc; path = XMLParserDelegate.m; sourceTree = "<group>"; };
		FA942A25170F66D100B45AA1 /* ImageDetailViewController.h */ = {isa = PBXFileReference; fileEncoding = 4; lastKnownFileType = sourcecode.c.h; path = ImageDetailViewController.h; sourceTree = "<group>"; };
		FA942A26170F66D100B45AA1 /* ImageDetailViewController.m */ = {isa = PBXFileReference; fileEncoding = 4; lastKnownFileType = sourcecode.c.objc; path = ImageDetailViewController.m; sourceTree = "<group>"; };
		FA942A27170F66D100B45AA1 /* ImageDetailViewController.xib */ = {isa = PBXFileReference; fileEncoding = 4; lastKnownFileType = file.xib; path = ImageDetailViewController.xib; sourceTree = "<group>"; };
		FA942A2D171228DF00B45AA1 /* NXDebug.h */ = {isa = PBXFileReference; fileEncoding = 4; lastKnownFileType = sourcecode.c.h; path = NXDebug.h; sourceTree = "<group>"; };
		FA942A2E171228DF00B45AA1 /* NXDebug.m */ = {isa = PBXFileReference; fileEncoding = 4; lastKnownFileType = sourcecode.c.objc; path = NXDebug.m; sourceTree = "<group>"; };
		FAFDE985171B768E00E1D889 /* Photo.h */ = {isa = PBXFileReference; fileEncoding = 4; lastKnownFileType = sourcecode.c.h; path = Photo.h; sourceTree = "<group>"; };
		FAFDE986171B768E00E1D889 /* Photo.m */ = {isa = PBXFileReference; fileEncoding = 4; lastKnownFileType = sourcecode.c.objc; path = Photo.m; sourceTree = "<group>"; };
/* End PBXFileReference section */

/* Begin PBXFrameworksBuildPhase section */
		BFA3E8911B0F9F9500AFFA4D /* Frameworks */ = {
			isa = PBXFrameworksBuildPhase;
			buildActionMask = 2147483647;
			files = (
				7810BF26A6E7B215B02A2782 /* libPods-FlickerEaterTests.a in Frameworks */,
			);
			runOnlyForDeploymentPostprocessing = 0;
		};
		FA6D4902170F483700A27C94 /* Frameworks */ = {
			isa = PBXFrameworksBuildPhase;
			buildActionMask = 2147483647;
			files = (
				FA6D4909170F483700A27C94 /* UIKit.framework in Frameworks */,
				FA6D490B170F483700A27C94 /* Foundation.framework in Frameworks */,
				FA6D490D170F483700A27C94 /* CoreGraphics.framework in Frameworks */,
				2E26A5FAA4DD08830B40D54C /* libPods.a in Frameworks */,
			);
			runOnlyForDeploymentPostprocessing = 0;
		};
/* End PBXFrameworksBuildPhase section */

/* Begin PBXGroup section */
		86F4BFF4631CAB82432E3CA2 /* Pods */ = {
			isa = PBXGroup;
			children = (
				365DEB9C251BE5DE8DBF8F8D /* Pods.debug.xcconfig */,
				F0F66BDA18BFC2F1923B7F85 /* Pods.release.xcconfig */,
				0F2C715D095A27581F731095 /* Pods-FlickerEaterTests.debug.xcconfig */,
				64F85365D352FDD980246EE5 /* Pods-FlickerEaterTests.release.xcconfig */,
			);
			name = Pods;
			sourceTree = "<group>";
		};
		BFA3E8951B0F9F9500AFFA4D /* FlickerEaterTests */ = {
			isa = PBXGroup;
			children = (
				BFA3E8A91B1233AB00AFFA4D /* MockXML */,
				BFA3E8A11B0FBE8A00AFFA4D /* FlickerParserTest.m */,
				BFA3E8A31B0FBEA000AFFA4D /* MainListViewControllerTest.m */,
				BFA3E8A51B0FBEB700AFFA4D /* ImageDetailViewControllerTest.m */,
				BFA3E8961B0F9F9500AFFA4D /* Supporting Files */,
			);
			path = FlickerEaterTests;
			sourceTree = "<group>";
		};
		BFA3E8961B0F9F9500AFFA4D /* Supporting Files */ = {
			isa = PBXGroup;
			children = (
				BFA3E8971B0F9F9500AFFA4D /* Info.plist */,
			);
			name = "Supporting Files";
			sourceTree = "<group>";
		};
		BFA3E8A91B1233AB00AFFA4D /* MockXML */ = {
			isa = PBXGroup;
			children = (
				BFA3E8AA1B1233B800AFFA4D /* photos_public.xml */,
				BF73AE521B1254B900F4A05D /* photoEntityMock.plist */,
			);
			name = MockXML;
			sourceTree = "<group>";
		};
		FA6D48FC170F483700A27C94 = {
			isa = PBXGroup;
			children = (
				FA6D490E170F483700A27C94 /* FlickerEater */,
				BFA3E8951B0F9F9500AFFA4D /* FlickerEaterTests */,
				FA6D4907170F483700A27C94 /* Frameworks */,
				FA6D4906170F483700A27C94 /* Products */,
				86F4BFF4631CAB82432E3CA2 /* Pods */,
			);
			sourceTree = "<group>";
		};
		FA6D4906170F483700A27C94 /* Products */ = {
			isa = PBXGroup;
			children = (
				FA6D4905170F483700A27C94 /* FlickerEater.app */,
				BFA3E8941B0F9F9500AFFA4D /* FlickerEaterTests.xctest */,
			);
			name = Products;
			sourceTree = "<group>";
		};
		FA6D4907170F483700A27C94 /* Frameworks */ = {
			isa = PBXGroup;
			children = (
				FA6D4908170F483700A27C94 /* UIKit.framework */,
				FA6D490A170F483700A27C94 /* Foundation.framework */,
				FA6D490C170F483700A27C94 /* CoreGraphics.framework */,
				FA6D492F170F483700A27C94 /* SenTestingKit.framework */,
				E39E6EB05CAD63B7BA43803F /* libPods.a */,
				ABAC5A88108FB9A51C8E7A00 /* libPods-FlickerEaterTests.a */,
			);
			name = Frameworks;
			sourceTree = "<group>";
		};
		FA6D490E170F483700A27C94 /* FlickerEater */ = {
			isa = PBXGroup;
			children = (
				FAFDE988171B769400E1D889 /* Entities */,
				FA942A30171228E400B45AA1 /* Utils */,
				FA942A2C171228B100B45AA1 /* Communications */,
				FA942A2A1712288F00B45AA1 /* ViewControllers */,
				FA6D4917170F483700A27C94 /* AppDelegate.h */,
				FA6D4918170F483700A27C94 /* AppDelegate.m */,
				FA6D490F170F483700A27C94 /* Supporting Files */,
			);
			path = FlickerEater;
			sourceTree = "<group>";
		};
		FA6D490F170F483700A27C94 /* Supporting Files */ = {
			isa = PBXGroup;
			children = (
				FA6D4910170F483700A27C94 /* FlickerEater-Info.plist */,
				FA6D4911170F483700A27C94 /* InfoPlist.strings */,
				FA6D4914170F483700A27C94 /* main.m */,
				FA6D4916170F483700A27C94 /* FlickerEater-Prefix.pch */,
				FA6D491A170F483700A27C94 /* Default.png */,
				FA6D491C170F483700A27C94 /* Default@2x.png */,
				FA6D491E170F483700A27C94 /* Default-568h@2x.png */,
			);
			name = "Supporting Files";
			sourceTree = "<group>";
		};
		FA942A2A1712288F00B45AA1 /* ViewControllers */ = {
			isa = PBXGroup;
			children = (
				FA6D4920170F483700A27C94 /* MainListViewController.h */,
				FA6D4921170F483700A27C94 /* MainListViewController.m */,
				FA6D4923170F483700A27C94 /* MainListViewController_iPhone.xib */,
				FA942A25170F66D100B45AA1 /* ImageDetailViewController.h */,
				FA942A26170F66D100B45AA1 /* ImageDetailViewController.m */,
				FA942A27170F66D100B45AA1 /* ImageDetailViewController.xib */,
			);
			name = ViewControllers;
			sourceTree = "<group>";
		};
		FA942A2C171228B100B45AA1 /* Communications */ = {
			isa = PBXGroup;
			children = (
				FA6D4946170F51BE00A27C94 /* XMLParserDelegate.h */,
				FA6D4947170F51BE00A27C94 /* XMLParserDelegate.m */,
			);
			name = Communications;
			sourceTree = "<group>";
		};
		FA942A30171228E400B45AA1 /* Utils */ = {
			isa = PBXGroup;
			children = (
				FA942A2D171228DF00B45AA1 /* NXDebug.h */,
				FA942A2E171228DF00B45AA1 /* NXDebug.m */,
			);
			name = Utils;
			sourceTree = "<group>";
		};
		FAFDE988171B769400E1D889 /* Entities */ = {
			isa = PBXGroup;
			children = (
				FAFDE985171B768E00E1D889 /* Photo.h */,
				FAFDE986171B768E00E1D889 /* Photo.m */,
			);
			name = Entities;
			sourceTree = "<group>";
		};
/* End PBXGroup section */

/* Begin PBXNativeTarget section */
		BFA3E8931B0F9F9500AFFA4D /* FlickerEaterTests */ = {
			isa = PBXNativeTarget;
			buildConfigurationList = BFA3E89E1B0F9F9500AFFA4D /* Build configuration list for PBXNativeTarget "FlickerEaterTests" */;
			buildPhases = (
				9EC950963426C55E6AEA0944 /* Check Pods Manifest.lock */,
				BFA3E8901B0F9F9500AFFA4D /* Sources */,
				BFA3E8911B0F9F9500AFFA4D /* Frameworks */,
				BFA3E8921B0F9F9500AFFA4D /* Resources */,
				3252301C132B1E349F8A35C9 /* Copy Pods Resources */,
				540D93822BB601CC519536AF /* Embed Pods Frameworks */,
			);
			buildRules = (
			);
			dependencies = (
				BFA3E89B1B0F9F9500AFFA4D /* PBXTargetDependency */,
			);
			name = FlickerEaterTests;
			productName = FlickerEaterTests;
			productReference = BFA3E8941B0F9F9500AFFA4D /* FlickerEaterTests.xctest */;
			productType = "com.apple.product-type.bundle.unit-test";
		};
		FA6D4904170F483700A27C94 /* FlickerEater */ = {
			isa = PBXNativeTarget;
			buildConfigurationList = FA6D4940170F483700A27C94 /* Build configuration list for PBXNativeTarget "FlickerEater" */;
			buildPhases = (
				3048AA167028B4E17E442001 /* Check Pods Manifest.lock */,
				FA6D4901170F483700A27C94 /* Sources */,
				FA6D4902170F483700A27C94 /* Frameworks */,
				FA6D4903170F483700A27C94 /* Resources */,
				6AE33824A8C32AC51A926286 /* Copy Pods Resources */,
				4B270FBE14E4E726FD1412CF /* Embed Pods Frameworks */,
			);
			buildRules = (
			);
			dependencies = (
			);
			name = FlickerEater;
			productName = FlickerEater;
			productReference = FA6D4905170F483700A27C94 /* FlickerEater.app */;
			productType = "com.apple.product-type.application";
		};
/* End PBXNativeTarget section */

/* Begin PBXProject section */
		FA6D48FD170F483700A27C94 /* Project object */ = {
			isa = PBXProject;
			attributes = {
				LastUpgradeCheck = 0460;
				ORGANIZATIONNAME = "Gonzalo Erro";
				TargetAttributes = {
					BFA3E8931B0F9F9500AFFA4D = {
						CreatedOnToolsVersion = 6.3.1;
						TestTargetID = FA6D4904170F483700A27C94;
					};
					FA6D4904170F483700A27C94 = {
						DevelopmentTeam = D46J73KHUX;
					};
				};
			};
			buildConfigurationList = FA6D4900170F483700A27C94 /* Build configuration list for PBXProject "FlickerEater" */;
			compatibilityVersion = "Xcode 3.2";
			developmentRegion = English;
			hasScannedForEncodings = 0;
			knownRegions = (
				en,
			);
			mainGroup = FA6D48FC170F483700A27C94;
			productRefGroup = FA6D4906170F483700A27C94 /* Products */;
			projectDirPath = "";
			projectRoot = "";
			targets = (
				FA6D4904170F483700A27C94 /* FlickerEater */,
				BFA3E8931B0F9F9500AFFA4D /* FlickerEaterTests */,
			);
		};
/* End PBXProject section */

/* Begin PBXResourcesBuildPhase section */
		BFA3E8921B0F9F9500AFFA4D /* Resources */ = {
			isa = PBXResourcesBuildPhase;
			buildActionMask = 2147483647;
			files = (
				BF73AE531B1254B900F4A05D /* photoEntityMock.plist in Resources */,
				BFA3E8AB1B1233B800AFFA4D /* photos_public.xml in Resources */,
			);
			runOnlyForDeploymentPostprocessing = 0;
		};
		FA6D4903170F483700A27C94 /* Resources */ = {
			isa = PBXResourcesBuildPhase;
			buildActionMask = 2147483647;
			files = (
				FA6D4913170F483700A27C94 /* InfoPlist.strings in Resources */,
				FA6D491B170F483700A27C94 /* Default.png in Resources */,
				FA6D491D170F483700A27C94 /* Default@2x.png in Resources */,
				FA6D491F170F483700A27C94 /* Default-568h@2x.png in Resources */,
				FA6D4925170F483700A27C94 /* MainListViewController_iPhone.xib in Resources */,
				FA942A29170F66D100B45AA1 /* ImageDetailViewController.xib in Resources */,
			);
			runOnlyForDeploymentPostprocessing = 0;
		};
/* End PBXResourcesBuildPhase section */

/* Begin PBXShellScriptBuildPhase section */
		3048AA167028B4E17E442001 /* Check Pods Manifest.lock */ = {
			isa = PBXShellScriptBuildPhase;
			buildActionMask = 2147483647;
			files = (
			);
			inputPaths = (
			);
			name = "Check Pods Manifest.lock";
			outputPaths = (
			);
			runOnlyForDeploymentPostprocessing = 0;
			shellPath = /bin/sh;
			shellScript = "diff \"${PODS_ROOT}/../Podfile.lock\" \"${PODS_ROOT}/Manifest.lock\" > /dev/null\nif [[ $? != 0 ]] ; then\n    cat << EOM\nerror: The sandbox is not in sync with the Podfile.lock. Run 'pod install' or update your CocoaPods installation.\nEOM\n    exit 1\nfi\n";
			showEnvVarsInLog = 0;
		};
		3252301C132B1E349F8A35C9 /* Copy Pods Resources */ = {
			isa = PBXShellScriptBuildPhase;
			buildActionMask = 2147483647;
			files = (
			);
			inputPaths = (
			);
			name = "Copy Pods Resources";
			outputPaths = (
			);
			runOnlyForDeploymentPostprocessing = 0;
			shellPath = /bin/sh;
			shellScript = "\"${SRCROOT}/Pods/Target Support Files/Pods-FlickerEaterTests/Pods-FlickerEaterTests-resources.sh\"\n";
			showEnvVarsInLog = 0;
		};
		4B270FBE14E4E726FD1412CF /* Embed Pods Frameworks */ = {
			isa = PBXShellScriptBuildPhase;
			buildActionMask = 2147483647;
			files = (
			);
			inputPaths = (
			);
			name = "Embed Pods Frameworks";
			outputPaths = (
			);
			runOnlyForDeploymentPostprocessing = 0;
			shellPath = /bin/sh;
			shellScript = "\"${SRCROOT}/Pods/Target Support Files/Pods/Pods-frameworks.sh\"\n";
			showEnvVarsInLog = 0;
		};
		540D93822BB601CC519536AF /* Embed Pods Frameworks */ = {
			isa = PBXShellScriptBuildPhase;
			buildActionMask = 2147483647;
			files = (
			);
			inputPaths = (
			);
			name = "Embed Pods Frameworks";
			outputPaths = (
			);
			runOnlyForDeploymentPostprocessing = 0;
			shellPath = /bin/sh;
			shellScript = "\"${SRCROOT}/Pods/Target Support Files/Pods-FlickerEaterTests/Pods-FlickerEaterTests-frameworks.sh\"\n";
			showEnvVarsInLog = 0;
		};
		6AE33824A8C32AC51A926286 /* Copy Pods Resources */ = {
			isa = PBXShellScriptBuildPhase;
			buildActionMask = 2147483647;
			files = (
			);
			inputPaths = (
			);
			name = "Copy Pods Resources";
			outputPaths = (
			);
			runOnlyForDeploymentPostprocessing = 0;
			shellPath = /bin/sh;
			shellScript = "\"${SRCROOT}/Pods/Target Support Files/Pods/Pods-resources.sh\"\n";
			showEnvVarsInLog = 0;
		};
		9EC950963426C55E6AEA0944 /* Check Pods Manifest.lock */ = {
			isa = PBXShellScriptBuildPhase;
			buildActionMask = 2147483647;
			files = (
			);
			inputPaths = (
			);
			name = "Check Pods Manifest.lock";
			outputPaths = (
			);
			runOnlyForDeploymentPostprocessing = 0;
			shellPath = /bin/sh;
			shellScript = "diff \"${PODS_ROOT}/../Podfile.lock\" \"${PODS_ROOT}/Manifest.lock\" > /dev/null\nif [[ $? != 0 ]] ; then\n    cat << EOM\nerror: The sandbox is not in sync with the Podfile.lock. Run 'pod install' or update your CocoaPods installation.\nEOM\n    exit 1\nfi\n";
			showEnvVarsInLog = 0;
		};
/* End PBXShellScriptBuildPhase section */

/* Begin PBXSourcesBuildPhase section */
		BFA3E8901B0F9F9500AFFA4D /* Sources */ = {
			isa = PBXSourcesBuildPhase;
			buildActionMask = 2147483647;
			files = (
				BFA3E8A61B0FBEB700AFFA4D /* ImageDetailViewControllerTest.m in Sources */,
				BFA3E8A21B0FBE8A00AFFA4D /* FlickerParserTest.m in Sources */,
				BFA3E8A41B0FBEA000AFFA4D /* MainListViewControllerTest.m in Sources */,
			);
			runOnlyForDeploymentPostprocessing = 0;
		};
		FA6D4901170F483700A27C94 /* Sources */ = {
			isa = PBXSourcesBuildPhase;
			buildActionMask = 2147483647;
			files = (
				FA942A3117122A4B00B45AA1 /* NXDebug.m in Sources */,
				FA6D4915170F483700A27C94 /* main.m in Sources */,
				FA6D4919170F483700A27C94 /* AppDelegate.m in Sources */,
				FA6D4922170F483700A27C94 /* MainListViewController.m in Sources */,
				FA6D4948170F51BE00A27C94 /* XMLParserDelegate.m in Sources */,
				FA942A28170F66D100B45AA1 /* ImageDetailViewController.m in Sources */,
				FAFDE987171B768E00E1D889 /* Photo.m in Sources */,
			);
			runOnlyForDeploymentPostprocessing = 0;
		};
/* End PBXSourcesBuildPhase section */

/* Begin PBXTargetDependency section */
		BFA3E89B1B0F9F9500AFFA4D /* PBXTargetDependency */ = {
			isa = PBXTargetDependency;
			target = FA6D4904170F483700A27C94 /* FlickerEater */;
			targetProxy = BFA3E89A1B0F9F9500AFFA4D /* PBXContainerItemProxy */;
		};
/* End PBXTargetDependency section */

/* Begin PBXVariantGroup section */
		FA6D4911170F483700A27C94 /* InfoPlist.strings */ = {
			isa = PBXVariantGroup;
			children = (
				FA6D4912170F483700A27C94 /* en */,
			);
			name = InfoPlist.strings;
			sourceTree = "<group>";
		};
		FA6D4923170F483700A27C94 /* MainListViewController_iPhone.xib */ = {
			isa = PBXVariantGroup;
			children = (
				FA6D4924170F483700A27C94 /* en */,
			);
			name = MainListViewController_iPhone.xib;
			sourceTree = "<group>";
		};
/* End PBXVariantGroup section */

/* Begin XCBuildConfiguration section */
		BFA3E89C1B0F9F9500AFFA4D /* Debug */ = {
			isa = XCBuildConfiguration;
			baseConfigurationReference = 0F2C715D095A27581F731095 /* Pods-FlickerEaterTests.debug.xcconfig */;
			buildSettings = {
				BUNDLE_LOADER = "$(TEST_HOST)";
				CLANG_ENABLE_MODULES = YES;
				CLANG_ENABLE_OBJC_ARC = YES;
				CLANG_WARN_BOOL_CONVERSION = YES;
				CLANG_WARN_DIRECT_OBJC_ISA_USAGE = YES_ERROR;
				CLANG_WARN_OBJC_ROOT_CLASS = YES_ERROR;
				CLANG_WARN_UNREACHABLE_CODE = YES;
				DEBUG_INFORMATION_FORMAT = "dwarf-with-dsym";
				ENABLE_STRICT_OBJC_MSGSEND = YES;
				FRAMEWORK_SEARCH_PATHS = (
					"$(SDKROOT)/Developer/Library/Frameworks",
					"$(inherited)",
				);
				GCC_NO_COMMON_BLOCKS = YES;
				GCC_PREPROCESSOR_DEFINITIONS = (
					"DEBUG=1",
					"$(inherited)",
				);
				GCC_WARN_64_TO_32_BIT_CONVERSION = YES;
				GCC_WARN_ABOUT_RETURN_TYPE = YES_ERROR;
				GCC_WARN_UNDECLARED_SELECTOR = YES;
				GCC_WARN_UNINITIALIZED_AUTOS = YES_AGGRESSIVE;
				GCC_WARN_UNUSED_FUNCTION = YES;
				INFOPLIST_FILE = FlickerEaterTests/Info.plist;
				IPHONEOS_DEPLOYMENT_TARGET = 8.3;
				LD_RUNPATH_SEARCH_PATHS = "$(inherited) @executable_path/Frameworks @loader_path/Frameworks";
				MTL_ENABLE_DEBUG_INFO = YES;
				PRODUCT_NAME = "$(TARGET_NAME)";
				TEST_HOST = "$(BUILT_PRODUCTS_DIR)/FlickerEater.app/FlickerEater";
			};
			name = Debug;
		};
		BFA3E89D1B0F9F9500AFFA4D /* Release */ = {
			isa = XCBuildConfiguration;
			baseConfigurationReference = 64F85365D352FDD980246EE5 /* Pods-FlickerEaterTests.release.xcconfig */;
			buildSettings = {
				BUNDLE_LOADER = "$(TEST_HOST)";
				CLANG_ENABLE_MODULES = YES;
				CLANG_ENABLE_OBJC_ARC = YES;
				CLANG_WARN_BOOL_CONVERSION = YES;
				CLANG_WARN_DIRECT_OBJC_ISA_USAGE = YES_ERROR;
				CLANG_WARN_OBJC_ROOT_CLASS = YES_ERROR;
				CLANG_WARN_UNREACHABLE_CODE = YES;
				COPY_PHASE_STRIP = NO;
				DEBUG_INFORMATION_FORMAT = "dwarf-with-dsym";
				ENABLE_NS_ASSERTIONS = NO;
				ENABLE_STRICT_OBJC_MSGSEND = YES;
				FRAMEWORK_SEARCH_PATHS = (
					"$(SDKROOT)/Developer/Library/Frameworks",
					"$(inherited)",
				);
				GCC_NO_COMMON_BLOCKS = YES;
				GCC_WARN_64_TO_32_BIT_CONVERSION = YES;
				GCC_WARN_ABOUT_RETURN_TYPE = YES_ERROR;
				GCC_WARN_UNDECLARED_SELECTOR = YES;
				GCC_WARN_UNINITIALIZED_AUTOS = YES_AGGRESSIVE;
				GCC_WARN_UNUSED_FUNCTION = YES;
				INFOPLIST_FILE = FlickerEaterTests/Info.plist;
				IPHONEOS_DEPLOYMENT_TARGET = 8.3;
				LD_RUNPATH_SEARCH_PATHS = "$(inherited) @executable_path/Frameworks @loader_path/Frameworks";
				MTL_ENABLE_DEBUG_INFO = NO;
				PRODUCT_NAME = "$(TARGET_NAME)";
				TEST_HOST = "$(BUILT_PRODUCTS_DIR)/FlickerEater.app/FlickerEater";
			};
			name = Release;
		};
		FA6D493E170F483700A27C94 /* Debug */ = {
			isa = XCBuildConfiguration;
			buildSettings = {
				ALWAYS_SEARCH_USER_PATHS = NO;
				CLANG_CXX_LANGUAGE_STANDARD = "gnu++0x";
				CLANG_CXX_LIBRARY = "libc++";
				CLANG_WARN_CONSTANT_CONVERSION = YES;
				CLANG_WARN_EMPTY_BODY = YES;
				CLANG_WARN_ENUM_CONVERSION = YES;
				CLANG_WARN_INT_CONVERSION = YES;
				CLANG_WARN__DUPLICATE_METHOD_MATCH = YES;
				"CODE_SIGN_IDENTITY[sdk=iphoneos*]" = "iPhone Developer";
				COPY_PHASE_STRIP = NO;
				GCC_C_LANGUAGE_STANDARD = gnu99;
				GCC_DYNAMIC_NO_PIC = NO;
				GCC_OPTIMIZATION_LEVEL = 0;
				GCC_PREPROCESSOR_DEFINITIONS = (
					"DEBUG=1",
					"$(inherited)",
				);
				GCC_SYMBOLS_PRIVATE_EXTERN = NO;
				GCC_WARN_ABOUT_RETURN_TYPE = YES;
				GCC_WARN_UNINITIALIZED_AUTOS = YES;
				GCC_WARN_UNUSED_VARIABLE = YES;
				IPHONEOS_DEPLOYMENT_TARGET = 5.0;
				ONLY_ACTIVE_ARCH = YES;
				SDKROOT = iphoneos;
				TARGETED_DEVICE_FAMILY = "1,2";
			};
			name = Debug;
		};
		FA6D493F170F483700A27C94 /* Release */ = {
			isa = XCBuildConfiguration;
			buildSettings = {
				ALWAYS_SEARCH_USER_PATHS = NO;
				CLANG_CXX_LANGUAGE_STANDARD = "gnu++0x";
				CLANG_CXX_LIBRARY = "libc++";
				CLANG_WARN_CONSTANT_CONVERSION = YES;
				CLANG_WARN_EMPTY_BODY = YES;
				CLANG_WARN_ENUM_CONVERSION = YES;
				CLANG_WARN_INT_CONVERSION = YES;
				CLANG_WARN__DUPLICATE_METHOD_MATCH = YES;
				"CODE_SIGN_IDENTITY[sdk=iphoneos*]" = "iPhone Developer";
				COPY_PHASE_STRIP = YES;
				GCC_C_LANGUAGE_STANDARD = gnu99;
				GCC_WARN_ABOUT_RETURN_TYPE = YES;
				GCC_WARN_UNINITIALIZED_AUTOS = YES;
				GCC_WARN_UNUSED_VARIABLE = YES;
				IPHONEOS_DEPLOYMENT_TARGET = 5.0;
				OTHER_CFLAGS = "-DNS_BLOCK_ASSERTIONS=1";
				SDKROOT = iphoneos;
				TARGETED_DEVICE_FAMILY = "1,2";
				VALIDATE_PRODUCT = YES;
			};
			name = Release;
		};
		FA6D4941170F483700A27C94 /* Debug */ = {
			isa = XCBuildConfiguration;
			baseConfigurationReference = 365DEB9C251BE5DE8DBF8F8D /* Pods.debug.xcconfig */;
			buildSettings = {
				CLANG_ENABLE_OBJC_ARC = YES;
				CODE_SIGN_IDENTITY = "iPhone Developer";
				"CODE_SIGN_IDENTITY[sdk=iphoneos*]" = "iPhone Developer";
				FRAMEWORK_SEARCH_PATHS = (
					"$(inherited)",
					"$(DEVELOPER_FRAMEWORKS_DIR)",
				);
				GCC_PRECOMPILE_PREFIX_HEADER = YES;
				GCC_PREFIX_HEADER = "FlickerEater/FlickerEater-Prefix.pch";
				INFOPLIST_FILE = "FlickerEater/FlickerEater-Info.plist";
				IPHONEOS_DEPLOYMENT_TARGET = 8.0;
				PRODUCT_NAME = "$(TARGET_NAME)";
				PROVISIONING_PROFILE = "";
				WRAPPER_EXTENSION = app;
			};
			name = Debug;
		};
		FA6D4942170F483700A27C94 /* Release */ = {
			isa = XCBuildConfiguration;
			baseConfigurationReference = F0F66BDA18BFC2F1923B7F85 /* Pods.release.xcconfig */;
			buildSettings = {
				CLANG_ENABLE_OBJC_ARC = YES;
				CODE_SIGN_IDENTITY = "iPhone Developer";
				"CODE_SIGN_IDENTITY[sdk=iphoneos*]" = "iPhone Developer";
				FRAMEWORK_SEARCH_PATHS = (
					"$(inherited)",
					"$(DEVELOPER_FRAMEWORKS_DIR)",
				);
				GCC_PRECOMPILE_PREFIX_HEADER = YES;
				GCC_PREFIX_HEADER = "FlickerEater/FlickerEater-Prefix.pch";
				INFOPLIST_FILE = "FlickerEater/FlickerEater-Info.plist";
				IPHONEOS_DEPLOYMENT_TARGET = 8.0;
				PRODUCT_NAME = "$(TARGET_NAME)";
				PROVISIONING_PROFILE = "";
				WRAPPER_EXTENSION = app;
			};
			name = Release;
		};
/* End XCBuildConfiguration section */

/* Begin XCConfigurationList section */
		BFA3E89E1B0F9F9500AFFA4D /* Build configuration list for PBXNativeTarget "FlickerEaterTests" */ = {
			isa = XCConfigurationList;
			buildConfigurations = (
				BFA3E89C1B0F9F9500AFFA4D /* Debug */,
				BFA3E89D1B0F9F9500AFFA4D /* Release */,
			);
			defaultConfigurationIsVisible = 0;
			defaultConfigurationName = Release;
		};
		FA6D4900170F483700A27C94 /* Build configuration list for PBXProject "FlickerEater" */ = {
			isa = XCConfigurationList;
			buildConfigurations = (
				FA6D493E170F483700A27C94 /* Debug */,
				FA6D493F170F483700A27C94 /* Release */,
			);
			defaultConfigurationIsVisible = 0;
			defaultConfigurationName = Release;
		};
		FA6D4940170F483700A27C94 /* Build configuration list for PBXNativeTarget "FlickerEater" */ = {
			isa = XCConfigurationList;
			buildConfigurations = (
				FA6D4941170F483700A27C94 /* Debug */,
				FA6D4942170F483700A27C94 /* Release */,
			);
			defaultConfigurationIsVisible = 0;
			defaultConfigurationName = Release;
		};
/* End XCConfigurationList section */
	};
	rootObject = FA6D48FD170F483700A27C94 /* Project object */;
}
